
Microsoft Visual Studio Solution File, Format Version 12.00
# Visual Studio 14
VisualStudioVersion = 14.0.25420.1
MinimumVisualStudioVersion = 10.0.40219.1
Project("{FAE04EC0-301F-11D3-BF4B-00C04F79EFBC}") = "01.Triangle Area", "01.Triangle Area\01.Triangle Area.csproj", "{C3C2DCEB-7508-4F7D-BC86-2F0CC722E50A}"
EndProject
Project("{FAE04EC0-301F-11D3-BF4B-00C04F79EFBC}") = "02.Bricks", "02.Bricks\02.Bricks.csproj", "{1F2EA75C-B147-4191-B18B-959FC310E009}"
EndProject
Project("{FAE04EC0-301F-11D3-BF4B-00C04F79EFBC}") = "03.Point-on-Segment", "03.Point-on-Segment\03.Point-on-Segment.csproj", "{1E954EC7-632B-4702-B236-9BD6FDD3C0D6}"
EndProject
Project("{FAE04EC0-301F-11D3-BF4B-00C04F79EFBC}") = "04.Point-In-Figure", "04.Point-In-Figure\04.Point-In-Figure.csproj", "{33B7B56F-249C-430F-8A8C-876EB92B9D39}"
EndProject
Project("{FAE04EC0-301F-11D3-BF4B-00C04F79EFBC}") = "05. Date-after-five-days", "05. Date-after-five-days\05. Date-after-five-days.csproj", "{0C0410AB-030E-4399-9A9D-8F552F2FC435}"
EndProject
Project("{FAE04EC0-301F-11D3-BF4B-00C04F79EFBC}") = "06.Sums-3-Numbers", "06.Sums-3-Numbers\06.Sums-3-Numbers.csproj", "{EA495A25-F186-4053-832D-2F604B9D4301}"
EndProject
Project("{FAE04EC0-301F-11D3-BF4B-00C04F79EFBC}") = "07.Sums-Steps-3", "07.Sums-Steps-3\07.Sums-Steps-3.csproj", "{241710F6-FDF7-48A4-9F2D-B5915039ED09}"
EndProject
Global
	GlobalSection(SolutionConfigurationPlatforms) = preSolution
		Debug|Any CPU = Debug|Any CPU
		Release|Any CPU = Release|Any CPU
	EndGlobalSection
	GlobalSection(ProjectConfigurationPlatforms) = postSolution
		{C3C2DCEB-7508-4F7D-BC86-2F0CC722E50A}.Debug|Any CPU.ActiveCfg = Debug|Any CPU
		{C3C2DCEB-7508-4F7D-BC86-2F0CC722E50A}.Debug|Any CPU.Build.0 = Debug|Any CPU
		{C3C2DCEB-7508-4F7D-BC86-2F0CC722E50A}.Release|Any CPU.ActiveCfg = Release|Any CPU
		{C3C2DCEB-7508-4F7D-BC86-2F0CC722E50A}.Release|Any CPU.Build.0 = Release|Any CPU
		{1F2EA75C-B147-4191-B18B-959FC310E009}.Debug|Any CPU.ActiveCfg = Debug|Any CPU
		{1F2EA75C-B147-4191-B18B-959FC310E009}.Debug|Any CPU.Build.0 = Debug|Any CPU
		{1F2EA75C-B147-4191-B18B-959FC310E009}.Release|Any CPU.ActiveCfg = Release|Any CPU
		{1F2EA75C-B147-4191-B18B-959FC310E009}.Release|Any CPU.Build.0 = Release|Any CPU
		{1E954EC7-632B-4702-B236-9BD6FDD3C0D6}.Debug|Any CPU.ActiveCfg = Debug|Any CPU
		{1E954EC7-632B-4702-B236-9BD6FDD3C0D6}.Debug|Any CPU.Build.0 = Debug|Any CPU
		{1E954EC7-632B-4702-B236-9BD6FDD3C0D6}.Release|Any CPU.ActiveCfg = Release|Any CPU
		{1E954EC7-632B-4702-B236-9BD6FDD3C0D6}.Release|Any CPU.Build.0 = Release|Any CPU
		{33B7B56F-249C-430F-8A8C-876EB92B9D39}.Debug|Any CPU.ActiveCfg = Debug|Any CPU
		{33B7B56F-249C-430F-8A8C-876EB92B9D39}.Debug|Any CPU.Build.0 = Debug|Any CPU
		{33B7B56F-249C-430F-8A8C-876EB92B9D39}.Release|Any CPU.ActiveCfg = Release|Any CPU
		{33B7B56F-249C-430F-8A8C-876EB92B9D39}.Release|Any CPU.Build.0 = Release|Any CPU
		{0C0410AB-030E-4399-9A9D-8F552F2FC435}.Debug|Any CPU.ActiveCfg = Debug|Any CPU
		{0C0410AB-030E-4399-9A9D-8F552F2FC435}.Debug|Any CPU.Build.0 = Debug|Any CPU
		{0C0410AB-030E-4399-9A9D-8F552F2FC435}.Release|Any CPU.ActiveCfg = Release|Any CPU
		{0C0410AB-030E-4399-9A9D-8F552F2FC435}.Release|Any CPU.Build.0 = Release|Any CPU
		{EA495A25-F186-4053-832D-2F604B9D4301}.Debug|Any CPU.ActiveCfg = Debug|Any CPU
		{EA495A25-F186-4053-832D-2F604B9D4301}.Debug|Any CPU.Build.0 = Debug|Any CPU
		{EA495A25-F186-4053-832D-2F604B9D4301}.Release|Any CPU.ActiveCfg = Release|Any CPU
		{EA495A25-F186-4053-832D-2F604B9D4301}.Release|Any CPU.Build.0 = Release|Any CPU
		{241710F6-FDF7-48A4-9F2D-B5915039ED09}.Debug|Any CPU.ActiveCfg = Debug|Any CPU
		{241710F6-FDF7-48A4-9F2D-B5915039ED09}.Debug|Any CPU.Build.0 = Debug|Any CPU
		{241710F6-FDF7-48A4-9F2D-B5915039ED09}.Release|Any CPU.ActiveCfg = Release|Any CPU
		{241710F6-FDF7-48A4-9F2D-B5915039ED09}.Release|Any CPU.Build.0 = Release|Any CPU
	EndGlobalSection
	GlobalSection(SolutionProperties) = preSolution
		HideSolutionNode = FALSE
	EndGlobalSection
EndGlobal
